
Microsoft Visual Studio Solution File, Format Version 12.00
# Visual Studio Version 16
VisualStudioVersion = 16.0.31911.196
MinimumVisualStudioVersion = 10.0.40219.1
Project("{FAE04EC0-301F-11D3-BF4B-00C04F79EFBC}") = "Doulingo", "Doulingo\Doulingo.csproj", "{79711CFA-CED9-4C2A-B158-B0069AF34FAA}"
EndProject
Global
	GlobalSection(SolutionConfigurationPlatforms) = preSolution
		Debug|Any CPU = Debug|Any CPU
		Release|Any CPU = Release|Any CPU
	EndGlobalSection
	GlobalSection(ProjectConfigurationPlatforms) = postSolution
		{79711CFA-CED9-4C2A-B158-B0069AF34FAA}.Debug|Any CPU.ActiveCfg = Debug|Any CPU
		{79711CFA-CED9-4C2A-B158-B0069AF34FAA}.Debug|Any CPU.Build.0 = Debug|Any CPU
		{79711CFA-CED9-4C2A-B158-B0069AF34FAA}.Release|Any CPU.ActiveCfg = Release|Any CPU
		{79711CFA-CED9-4C2A-B158-B0069AF34FAA}.Release|Any CPU.Build.0 = Release|Any CPU
	EndGlobalSection
	GlobalSection(SolutionProperties) = preSolution
		HideSolutionNode = FALSE
	EndGlobalSection
	GlobalSection(ExtensibilityGlobals) = postSolution
		SolutionGuid = {7817029F-A143-4C1C-AC0B-EE4C29925C2C}
	EndGlobalSection
EndGlobal
