
Microsoft Visual Studio Solution File, Format Version 12.00
# Visual Studio Version 16
VisualStudioVersion = 16.0.31105.61
MinimumVisualStudioVersion = 10.0.40219.1
Project("{FAE04EC0-301F-11D3-BF4B-00C04F79EFBC}") = "Social App", "Social App.csproj", "{115830D7-250F-47B6-A0A3-67DF6A423A04}"
EndProject
Global
	GlobalSection(SolutionConfigurationPlatforms) = preSolution
		Debug|Any CPU = Debug|Any CPU
		Release|Any CPU = Release|Any CPU
	EndGlobalSection
	GlobalSection(ProjectConfigurationPlatforms) = postSolution
		{115830D7-250F-47B6-A0A3-67DF6A423A04}.Debug|Any CPU.ActiveCfg = Debug|Any CPU
		{115830D7-250F-47B6-A0A3-67DF6A423A04}.Debug|Any CPU.Build.0 = Debug|Any CPU
		{115830D7-250F-47B6-A0A3-67DF6A423A04}.Release|Any CPU.ActiveCfg = Release|Any CPU
		{115830D7-250F-47B6-A0A3-67DF6A423A04}.Release|Any CPU.Build.0 = Release|Any CPU
	EndGlobalSection
	GlobalSection(SolutionProperties) = preSolution
		HideSolutionNode = FALSE
	EndGlobalSection
	GlobalSection(ExtensibilityGlobals) = postSolution
		SolutionGuid = {5602EF35-E7E5-4FC8-9C29-DA60EF3CE48E}
	EndGlobalSection
EndGlobal
